// !$*UTF8*$!
{
	archiveVersion = 1;
	classes = {
	};
	objectVersion = 46;
	objects = {

/* Begin PBXBuildFile section */
		4C0732D91D3D500F00C1F3ED /* main.m in Sources */ = {isa = PBXBuildFile; fileRef = 4C0732D81D3D500F00C1F3ED /* main.m */; };
		4C0732DC1D3D500F00C1F3ED /* AppDelegate.m in Sources */ = {isa = PBXBuildFile; fileRef = 4C0732DB1D3D500F00C1F3ED /* AppDelegate.m */; };
		4C0732DF1D3D500F00C1F3ED /* ViewController.m in Sources */ = {isa = PBXBuildFile; fileRef = 4C0732DE1D3D500F00C1F3ED /* ViewController.m */; };
		4C0732E51D3D500F00C1F3ED /* Manager.xcdatamodeld in Sources */ = {isa = PBXBuildFile; fileRef = 4C0732E31D3D500F00C1F3ED /* Manager.xcdatamodeld */; };
		4C0732E71D3D500F00C1F3ED /* Assets.xcassets in Resources */ = {isa = PBXBuildFile; fileRef = 4C0732E61D3D500F00C1F3ED /* Assets.xcassets */; };
		4C0732EA1D3D500F00C1F3ED /* LaunchScreen.storyboard in Resources */ = {isa = PBXBuildFile; fileRef = 4C0732E81D3D500F00C1F3ED /* LaunchScreen.storyboard */; };
		4C07331D1D3D59FE00C1F3ED /* Reservation+CoreDataProperties.m in Sources */ = {isa = PBXBuildFile; fileRef = 4C07330E1D3D59FE00C1F3ED /* Reservation+CoreDataProperties.m */; };
		4C07331E1D3D59FE00C1F3ED /* Reservation.m in Sources */ = {isa = PBXBuildFile; fileRef = 4C0733101D3D59FE00C1F3ED /* Reservation.m */; };
		4C07331F1D3D59FE00C1F3ED /* Guest+CoreDataProperties.m in Sources */ = {isa = PBXBuildFile; fileRef = 4C0733121D3D59FE00C1F3ED /* Guest+CoreDataProperties.m */; };
		4C0733211D3D59FE00C1F3ED /* Hotel+CoreDataProperties.m in Sources */ = {isa = PBXBuildFile; fileRef = 4C0733161D3D59FE00C1F3ED /* Hotel+CoreDataProperties.m */; };
		4C0733221D3D59FE00C1F3ED /* Hotel.m in Sources */ = {isa = PBXBuildFile; fileRef = 4C0733181D3D59FE00C1F3ED /* Hotel.m */; };
		4C0733231D3D59FE00C1F3ED /* Room+CoreDataProperties.m in Sources */ = {isa = PBXBuildFile; fileRef = 4C07331A1D3D59FE00C1F3ED /* Room+CoreDataProperties.m */; };
		4C0733241D3D59FE00C1F3ED /* Room.m in Sources */ = {isa = PBXBuildFile; fileRef = 4C07331C1D3D59FE00C1F3ED /* Room.m */; };
		4C07332A1D3D620B00C1F3ED /* RoomsViewController.m in Sources */ = {isa = PBXBuildFile; fileRef = 4C0733291D3D620B00C1F3ED /* RoomsViewController.m */; };
		4C07332D1D3D622700C1F3ED /* HotelsViewController.m in Sources */ = {isa = PBXBuildFile; fileRef = 4C07332C1D3D622700C1F3ED /* HotelsViewController.m */; };
		4C07332F1D3D8A2700C1F3ED /* hotels.json in Resources */ = {isa = PBXBuildFile; fileRef = 4C07332E1D3D8A2700C1F3ED /* hotels.json */; };
		4CDD8D7C1D3E8F8700D04A92 /* NSObject+NSManagedObjectContext.m in Sources */ = {isa = PBXBuildFile; fileRef = 4CDD8D7B1D3E8F8700D04A92 /* NSObject+NSManagedObjectContext.m */; };
		4CDD8D801D3E94A000D04A92 /* BookViewController.m in Sources */ = {isa = PBXBuildFile; fileRef = 4CDD8D7F1D3E94A000D04A92 /* BookViewController.m */; };
		4CDD8D831D3E9F9F00D04A92 /* AvailabilityViewController.m in Sources */ = {isa = PBXBuildFile; fileRef = 4CDD8D821D3E9F9F00D04A92 /* AvailabilityViewController.m */; };
		4CDD8D861D3EA89E00D04A92 /* DateViewController.m in Sources */ = {isa = PBXBuildFile; fileRef = 4CDD8D851D3EA89E00D04A92 /* DateViewController.m */; };
		4CDD8D891D3EDA6B00D04A92 /* Guest.m in Sources */ = {isa = PBXBuildFile; fileRef = 4CDD8D881D3EDA6B00D04A92 /* Guest.m */; };
		4CDD8D911D40F2AB00D04A92 /* ManagerTests.m in Sources */ = {isa = PBXBuildFile; fileRef = 4CDD8D901D40F2AB00D04A92 /* ManagerTests.m */; };
		4CDD8D9A1D4113C200D04A92 /* LookupViewController.m in Sources */ = {isa = PBXBuildFile; fileRef = 4CDD8D991D4113C200D04A92 /* LookupViewController.m */; };
		4CDD8DB61D41385500D04A92 /* MappingModel1.1_1.2.xcmappingmodel in Sources */ = {isa = PBXBuildFile; fileRef = 4CDD8DB51D41385500D04A92 /* MappingModel1.1_1.2.xcmappingmodel */; };
		4CDD8DBB1D416EB800D04A92 /* MappingModel1.2_1.3.xcmappingmodel in Sources */ = {isa = PBXBuildFile; fileRef = 4CDD8DBA1D416EB800D04A92 /* MappingModel1.2_1.3.xcmappingmodel */; };
		4CDD8DC21D41733600D04A92 /* FlurryEmpty.m in Sources */ = {isa = PBXBuildFile; fileRef = 4CDD8DBE1D41733600D04A92 /* FlurryEmpty.m */; };
		4CDD8DC31D41733600D04A92 /* libFlurry_7.6.6.a in Frameworks */ = {isa = PBXBuildFile; fileRef = 4CDD8DC01D41733600D04A92 /* libFlurry_7.6.6.a */; };
		4CDD8DC41D41733600D04A92 /* libFlurryWatch_7.6.6.a in Frameworks */ = {isa = PBXBuildFile; fileRef = 4CDD8DC11D41733600D04A92 /* libFlurryWatch_7.6.6.a */; };
		4CDD8DC61D41738D00D04A92 /* Security.framework in Frameworks */ = {isa = PBXBuildFile; fileRef = 4CDD8DC51D41738D00D04A92 /* Security.framework */; };
		4CDD8DC81D4174BE00D04A92 /* SystemConfiguration.framework in Frameworks */ = {isa = PBXBuildFile; fileRef = 4CDD8DC71D4174BE00D04A92 /* SystemConfiguration.framework */; };
/* End PBXBuildFile section */

/* Begin PBXContainerItemProxy section */
		4CDD8D931D40F2AB00D04A92 /* PBXContainerItemProxy */ = {
			isa = PBXContainerItemProxy;
			containerPortal = 4C0732CC1D3D500F00C1F3ED /* Project object */;
			proxyType = 1;
			remoteGlobalIDString = 4C0732D31D3D500F00C1F3ED;
			remoteInfo = Manager;
		};
/* End PBXContainerItemProxy section */

/* Begin PBXFileReference section */
		4C0732D41D3D500F00C1F3ED /* Manager.app */ = {isa = PBXFileReference; explicitFileType = wrapper.application; includeInIndex = 0; path = Manager.app; sourceTree = BUILT_PRODUCTS_DIR; };
		4C0732D81D3D500F00C1F3ED /* main.m */ = {isa = PBXFileReference; lastKnownFileType = sourcecode.c.objc; path = main.m; sourceTree = "<group>"; };
		4C0732DA1D3D500F00C1F3ED /* AppDelegate.h */ = {isa = PBXFileReference; lastKnownFileType = sourcecode.c.h; path = AppDelegate.h; sourceTree = "<group>"; };
		4C0732DB1D3D500F00C1F3ED /* AppDelegate.m */ = {isa = PBXFileReference; lastKnownFileType = sourcecode.c.objc; path = AppDelegate.m; sourceTree = "<group>"; };
		4C0732DD1D3D500F00C1F3ED /* ViewController.h */ = {isa = PBXFileReference; lastKnownFileType = sourcecode.c.h; path = ViewController.h; sourceTree = "<group>"; };
		4C0732DE1D3D500F00C1F3ED /* ViewController.m */ = {isa = PBXFileReference; lastKnownFileType = sourcecode.c.objc; path = ViewController.m; sourceTree = "<group>"; };
		4C0732E41D3D500F00C1F3ED /* Manager.xcdatamodel */ = {isa = PBXFileReference; lastKnownFileType = wrapper.xcdatamodel; path = Manager.xcdatamodel; sourceTree = "<group>"; };
		4C0732E61D3D500F00C1F3ED /* Assets.xcassets */ = {isa = PBXFileReference; lastKnownFileType = folder.assetcatalog; path = Assets.xcassets; sourceTree = "<group>"; };
		4C0732E91D3D500F00C1F3ED /* Base */ = {isa = PBXFileReference; lastKnownFileType = file.storyboard; name = Base; path = Base.lproj/LaunchScreen.storyboard; sourceTree = "<group>"; };
		4C0732EB1D3D500F00C1F3ED /* Info.plist */ = {isa = PBXFileReference; lastKnownFileType = text.plist.xml; path = Info.plist; sourceTree = "<group>"; };
		4C07330D1D3D59FE00C1F3ED /* Reservation+CoreDataProperties.h */ = {isa = PBXFileReference; fileEncoding = 4; lastKnownFileType = sourcecode.c.h; path = "Reservation+CoreDataProperties.h"; sourceTree = "<group>"; };
		4C07330E1D3D59FE00C1F3ED /* Reservation+CoreDataProperties.m */ = {isa = PBXFileReference; fileEncoding = 4; lastKnownFileType = sourcecode.c.objc; path = "Reservation+CoreDataProperties.m"; sourceTree = "<group>"; };
		4C07330F1D3D59FE00C1F3ED /* Reservation.h */ = {isa = PBXFileReference; fileEncoding = 4; lastKnownFileType = sourcecode.c.h; path = Reservation.h; sourceTree = "<group>"; };
		4C0733101D3D59FE00C1F3ED /* Reservation.m */ = {isa = PBXFileReference; fileEncoding = 4; lastKnownFileType = sourcecode.c.objc; path = Reservation.m; sourceTree = "<group>"; };
		4C0733111D3D59FE00C1F3ED /* Guest+CoreDataProperties.h */ = {isa = PBXFileReference; fileEncoding = 4; lastKnownFileType = sourcecode.c.h; path = "Guest+CoreDataProperties.h"; sourceTree = "<group>"; };
		4C0733121D3D59FE00C1F3ED /* Guest+CoreDataProperties.m */ = {isa = PBXFileReference; fileEncoding = 4; lastKnownFileType = sourcecode.c.objc; path = "Guest+CoreDataProperties.m"; sourceTree = "<group>"; };
		4C0733151D3D59FE00C1F3ED /* Hotel+CoreDataProperties.h */ = {isa = PBXFileReference; fileEncoding = 4; lastKnownFileType = sourcecode.c.h; path = "Hotel+CoreDataProperties.h"; sourceTree = "<group>"; };
		4C0733161D3D59FE00C1F3ED /* Hotel+CoreDataProperties.m */ = {isa = PBXFileReference; fileEncoding = 4; lastKnownFileType = sourcecode.c.objc; path = "Hotel+CoreDataProperties.m"; sourceTree = "<group>"; };
		4C0733171D3D59FE00C1F3ED /* Hotel.h */ = {isa = PBXFileReference; fileEncoding = 4; lastKnownFileType = sourcecode.c.h; path = Hotel.h; sourceTree = "<group>"; };
		4C0733181D3D59FE00C1F3ED /* Hotel.m */ = {isa = PBXFileReference; fileEncoding = 4; lastKnownFileType = sourcecode.c.objc; path = Hotel.m; sourceTree = "<group>"; };
		4C0733191D3D59FE00C1F3ED /* Room+CoreDataProperties.h */ = {isa = PBXFileReference; fileEncoding = 4; lastKnownFileType = sourcecode.c.h; path = "Room+CoreDataProperties.h"; sourceTree = "<group>"; };
		4C07331A1D3D59FE00C1F3ED /* Room+CoreDataProperties.m */ = {isa = PBXFileReference; fileEncoding = 4; lastKnownFileType = sourcecode.c.objc; path = "Room+CoreDataProperties.m"; sourceTree = "<group>"; };
		4C07331B1D3D59FE00C1F3ED /* Room.h */ = {isa = PBXFileReference; fileEncoding = 4; lastKnownFileType = sourcecode.c.h; path = Room.h; sourceTree = "<group>"; };
		4C07331C1D3D59FE00C1F3ED /* Room.m */ = {isa = PBXFileReference; fileEncoding = 4; lastKnownFileType = sourcecode.c.objc; path = Room.m; sourceTree = "<group>"; };
		4C0733281D3D620B00C1F3ED /* RoomsViewController.h */ = {isa = PBXFileReference; fileEncoding = 4; lastKnownFileType = sourcecode.c.h; path = RoomsViewController.h; sourceTree = "<group>"; };
		4C0733291D3D620B00C1F3ED /* RoomsViewController.m */ = {isa = PBXFileReference; fileEncoding = 4; lastKnownFileType = sourcecode.c.objc; path = RoomsViewController.m; sourceTree = "<group>"; };
		4C07332B1D3D622700C1F3ED /* HotelsViewController.h */ = {isa = PBXFileReference; fileEncoding = 4; lastKnownFileType = sourcecode.c.h; name = HotelsViewController.h; path = ../HotelsViewController.h; sourceTree = "<group>"; };
		4C07332C1D3D622700C1F3ED /* HotelsViewController.m */ = {isa = PBXFileReference; fileEncoding = 4; lastKnownFileType = sourcecode.c.objc; name = HotelsViewController.m; path = ../HotelsViewController.m; sourceTree = "<group>"; };
		4C07332E1D3D8A2700C1F3ED /* hotels.json */ = {isa = PBXFileReference; fileEncoding = 4; lastKnownFileType = text.json; path = hotels.json; sourceTree = "<group>"; };
		4CDD8D7A1D3E8F8700D04A92 /* NSObject+NSManagedObjectContext.h */ = {isa = PBXFileReference; fileEncoding = 4; lastKnownFileType = sourcecode.c.h; path = "NSObject+NSManagedObjectContext.h"; sourceTree = "<group>"; };
		4CDD8D7B1D3E8F8700D04A92 /* NSObject+NSManagedObjectContext.m */ = {isa = PBXFileReference; fileEncoding = 4; lastKnownFileType = sourcecode.c.objc; path = "NSObject+NSManagedObjectContext.m"; sourceTree = "<group>"; };
		4CDD8D7E1D3E94A000D04A92 /* BookViewController.h */ = {isa = PBXFileReference; fileEncoding = 4; lastKnownFileType = sourcecode.c.h; path = BookViewController.h; sourceTree = "<group>"; };
		4CDD8D7F1D3E94A000D04A92 /* BookViewController.m */ = {isa = PBXFileReference; fileEncoding = 4; lastKnownFileType = sourcecode.c.objc; path = BookViewController.m; sourceTree = "<group>"; };
		4CDD8D811D3E9F9F00D04A92 /* AvailabilityViewController.h */ = {isa = PBXFileReference; fileEncoding = 4; lastKnownFileType = sourcecode.c.h; path = AvailabilityViewController.h; sourceTree = "<group>"; };
		4CDD8D821D3E9F9F00D04A92 /* AvailabilityViewController.m */ = {isa = PBXFileReference; fileEncoding = 4; lastKnownFileType = sourcecode.c.objc; path = AvailabilityViewController.m; sourceTree = "<group>"; };
		4CDD8D841D3EA89E00D04A92 /* DateViewController.h */ = {isa = PBXFileReference; fileEncoding = 4; lastKnownFileType = sourcecode.c.h; path = DateViewController.h; sourceTree = "<group>"; };
		4CDD8D851D3EA89E00D04A92 /* DateViewController.m */ = {isa = PBXFileReference; fileEncoding = 4; lastKnownFileType = sourcecode.c.objc; path = DateViewController.m; sourceTree = "<group>"; };
		4CDD8D871D3EDA6B00D04A92 /* Guest.h */ = {isa = PBXFileReference; fileEncoding = 4; lastKnownFileType = sourcecode.c.h; path = Guest.h; sourceTree = "<group>"; };
		4CDD8D881D3EDA6B00D04A92 /* Guest.m */ = {isa = PBXFileReference; fileEncoding = 4; lastKnownFileType = sourcecode.c.objc; path = Guest.m; sourceTree = "<group>"; };
		4CDD8D8E1D40F2AB00D04A92 /* ManagerTests.xctest */ = {isa = PBXFileReference; explicitFileType = wrapper.cfbundle; includeInIndex = 0; path = ManagerTests.xctest; sourceTree = BUILT_PRODUCTS_DIR; };
		4CDD8D901D40F2AB00D04A92 /* ManagerTests.m */ = {isa = PBXFileReference; lastKnownFileType = sourcecode.c.objc; path = ManagerTests.m; sourceTree = "<group>"; };
		4CDD8D921D40F2AB00D04A92 /* Info.plist */ = {isa = PBXFileReference; lastKnownFileType = text.plist.xml; path = Info.plist; sourceTree = "<group>"; };
		4CDD8D981D4113C200D04A92 /* LookupViewController.h */ = {isa = PBXFileReference; fileEncoding = 4; lastKnownFileType = sourcecode.c.h; path = LookupViewController.h; sourceTree = "<group>"; };
		4CDD8D991D4113C200D04A92 /* LookupViewController.m */ = {isa = PBXFileReference; fileEncoding = 4; lastKnownFileType = sourcecode.c.objc; path = LookupViewController.m; sourceTree = "<group>"; };
		4CDD8D9C1D41349000D04A92 /* Manager1.2.xcdatamodel */ = {isa = PBXFileReference; lastKnownFileType = wrapper.xcdatamodel; path = Manager1.2.xcdatamodel; sourceTree = "<group>"; };
		4CDD8DB51D41385500D04A92 /* MappingModel1.1_1.2.xcmappingmodel */ = {isa = PBXFileReference; lastKnownFileType = wrapper.xcmappingmodel; path = MappingModel1.1_1.2.xcmappingmodel; sourceTree = "<group>"; };
		4CDD8DB71D41411F00D04A92 /* Manager.entitlements */ = {isa = PBXFileReference; lastKnownFileType = text.xml; path = Manager.entitlements; sourceTree = "<group>"; };
		4CDD8DB81D41673F00D04A92 /* Manager1. 3.xcdatamodel */ = {isa = PBXFileReference; lastKnownFileType = wrapper.xcdatamodel; path = "Manager1. 3.xcdatamodel"; sourceTree = "<group>"; };
		4CDD8DBA1D416EB800D04A92 /* MappingModel1.2_1.3.xcmappingmodel */ = {isa = PBXFileReference; lastKnownFileType = wrapper.xcmappingmodel; path = MappingModel1.2_1.3.xcmappingmodel; sourceTree = "<group>"; };
		4CDD8DBD1D41733600D04A92 /* Flurry.h */ = {isa = PBXFileReference; fileEncoding = 4; lastKnownFileType = sourcecode.c.h; path = Flurry.h; sourceTree = "<group>"; };
		4CDD8DBE1D41733600D04A92 /* FlurryEmpty.m */ = {isa = PBXFileReference; fileEncoding = 4; lastKnownFileType = sourcecode.c.objc; path = FlurryEmpty.m; sourceTree = "<group>"; };
		4CDD8DBF1D41733600D04A92 /* FlurryWatch.h */ = {isa = PBXFileReference; fileEncoding = 4; lastKnownFileType = sourcecode.c.h; path = FlurryWatch.h; sourceTree = "<group>"; };
		4CDD8DC01D41733600D04A92 /* libFlurry_7.6.6.a */ = {isa = PBXFileReference; lastKnownFileType = archive.ar; path = libFlurry_7.6.6.a; sourceTree = "<group>"; };
		4CDD8DC11D41733600D04A92 /* libFlurryWatch_7.6.6.a */ = {isa = PBXFileReference; lastKnownFileType = archive.ar; path = libFlurryWatch_7.6.6.a; sourceTree = "<group>"; };
		4CDD8DC51D41738D00D04A92 /* Security.framework */ = {isa = PBXFileReference; lastKnownFileType = wrapper.framework; name = Security.framework; path = System/Library/Frameworks/Security.framework; sourceTree = SDKROOT; };
		4CDD8DC71D4174BE00D04A92 /* SystemConfiguration.framework */ = {isa = PBXFileReference; lastKnownFileType = wrapper.framework; name = SystemConfiguration.framework; path = System/Library/Frameworks/SystemConfiguration.framework; sourceTree = SDKROOT; };
/* End PBXFileReference section */

/* Begin PBXFrameworksBuildPhase section */
		4C0732D11D3D500F00C1F3ED /* Frameworks */ = {
			isa = PBXFrameworksBuildPhase;
			buildActionMask = 2147483647;
			files = (
				4CDD8DC81D4174BE00D04A92 /* SystemConfiguration.framework in Frameworks */,
				4CDD8DC61D41738D00D04A92 /* Security.framework in Frameworks */,
				4CDD8DC31D41733600D04A92 /* libFlurry_7.6.6.a in Frameworks */,
				4CDD8DC41D41733600D04A92 /* libFlurryWatch_7.6.6.a in Frameworks */,
			);
			runOnlyForDeploymentPostprocessing = 0;
		};
		4CDD8D8B1D40F2AA00D04A92 /* Frameworks */ = {
			isa = PBXFrameworksBuildPhase;
			buildActionMask = 2147483647;
			files = (
			);
			runOnlyForDeploymentPostprocessing = 0;
		};
/* End PBXFrameworksBuildPhase section */

/* Begin PBXGroup section */
		4C0732CB1D3D500F00C1F3ED = {
			isa = PBXGroup;
			children = (
				4CDD8DC71D4174BE00D04A92 /* SystemConfiguration.framework */,
				4CDD8DC51D41738D00D04A92 /* Security.framework */,
				4CDD8D7D1D3E8F8D00D04A92 /* Category */,
				4C0732D61D3D500F00C1F3ED /* Manager */,
				4CDD8D8F1D40F2AB00D04A92 /* ManagerTests */,
				4C0732D51D3D500F00C1F3ED /* Products */,
				4CDD8DBC1D41733600D04A92 /* Flurry */,
			);
			sourceTree = "<group>";
		};
		4C0732D51D3D500F00C1F3ED /* Products */ = {
			isa = PBXGroup;
			children = (
				4C0732D41D3D500F00C1F3ED /* Manager.app */,
				4CDD8D8E1D40F2AB00D04A92 /* ManagerTests.xctest */,
			);
			name = Products;
			sourceTree = "<group>";
		};
		4C0732D61D3D500F00C1F3ED /* Manager */ = {
			isa = PBXGroup;
			children = (
				4CDD8DB71D41411F00D04A92 /* Manager.entitlements */,
				4C0732EB1D3D500F00C1F3ED /* Info.plist */,
				4C0732F11D3D50E900C1F3ED /* App Global */,
				4C0732F21D3D50FC00C1F3ED /* Controller */,
				4C0732F41D3D511F00C1F3ED /* Model */,
				4C0732F31D3D511300C1F3ED /* View */,
				4C0732D71D3D500F00C1F3ED /* Supporting Files */,
			);
			path = Manager;
			sourceTree = "<group>";
		};
		4C0732D71D3D500F00C1F3ED /* Supporting Files */ = {
			isa = PBXGroup;
			children = (
				4C0732D81D3D500F00C1F3ED /* main.m */,
			);
			name = "Supporting Files";
			sourceTree = "<group>";
		};
		4C0732F11D3D50E900C1F3ED /* App Global */ = {
			isa = PBXGroup;
			children = (
				4C07332E1D3D8A2700C1F3ED /* hotels.json */,
				4C0732DA1D3D500F00C1F3ED /* AppDelegate.h */,
				4C0732DB1D3D500F00C1F3ED /* AppDelegate.m */,
			);
			name = "App Global";
			sourceTree = "<group>";
		};
		4C0732F21D3D50FC00C1F3ED /* Controller */ = {
			isa = PBXGroup;
			children = (
				4C07332B1D3D622700C1F3ED /* HotelsViewController.h */,
				4C07332C1D3D622700C1F3ED /* HotelsViewController.m */,
				4C0732DD1D3D500F00C1F3ED /* ViewController.h */,
				4C0732DE1D3D500F00C1F3ED /* ViewController.m */,
				4C0733281D3D620B00C1F3ED /* RoomsViewController.h */,
				4C0733291D3D620B00C1F3ED /* RoomsViewController.m */,
				4CDD8D7E1D3E94A000D04A92 /* BookViewController.h */,
				4CDD8D7F1D3E94A000D04A92 /* BookViewController.m */,
				4CDD8D811D3E9F9F00D04A92 /* AvailabilityViewController.h */,
				4CDD8D821D3E9F9F00D04A92 /* AvailabilityViewController.m */,
				4CDD8D841D3EA89E00D04A92 /* DateViewController.h */,
				4CDD8D851D3EA89E00D04A92 /* DateViewController.m */,
				4CDD8D981D4113C200D04A92 /* LookupViewController.h */,
				4CDD8D991D4113C200D04A92 /* LookupViewController.m */,
			);
			name = Controller;
			sourceTree = "<group>";
		};
		4C0732F31D3D511300C1F3ED /* View */ = {
			isa = PBXGroup;
			children = (
				4C0732E61D3D500F00C1F3ED /* Assets.xcassets */,
				4C0732E81D3D500F00C1F3ED /* LaunchScreen.storyboard */,
			);
			name = View;
			sourceTree = "<group>";
		};
		4C0732F41D3D511F00C1F3ED /* Model */ = {
			isa = PBXGroup;
			children = (
				4CDD8DB51D41385500D04A92 /* MappingModel1.1_1.2.xcmappingmodel */,
				4CDD8DBA1D416EB800D04A92 /* MappingModel1.2_1.3.xcmappingmodel */,
				4CDD8DB91D41677900D04A92 /* No touchie */,
				4C0732E31D3D500F00C1F3ED /* Manager.xcdatamodeld */,
				4CDD8D9B1D41326D00D04A92 /* Entities */,
			);
			name = Model;
			sourceTree = "<group>";
		};
		4CDD8D7D1D3E8F8D00D04A92 /* Category */ = {
			isa = PBXGroup;
			children = (
				4CDD8D7A1D3E8F8700D04A92 /* NSObject+NSManagedObjectContext.h */,
				4CDD8D7B1D3E8F8700D04A92 /* NSObject+NSManagedObjectContext.m */,
			);
			name = Category;
			sourceTree = "<group>";
		};
		4CDD8D8F1D40F2AB00D04A92 /* ManagerTests */ = {
			isa = PBXGroup;
			children = (
				4CDD8D901D40F2AB00D04A92 /* ManagerTests.m */,
				4CDD8D921D40F2AB00D04A92 /* Info.plist */,
			);
			path = ManagerTests;
			sourceTree = "<group>";
		};
		4CDD8D9B1D41326D00D04A92 /* Entities */ = {
			isa = PBXGroup;
			children = (
				4C07330D1D3D59FE00C1F3ED /* Reservation+CoreDataProperties.h */,
				4C07330E1D3D59FE00C1F3ED /* Reservation+CoreDataProperties.m */,
				4C0733191D3D59FE00C1F3ED /* Room+CoreDataProperties.h */,
				4C07331A1D3D59FE00C1F3ED /* Room+CoreDataProperties.m */,
				4C0733111D3D59FE00C1F3ED /* Guest+CoreDataProperties.h */,
				4C0733121D3D59FE00C1F3ED /* Guest+CoreDataProperties.m */,
				4C0733151D3D59FE00C1F3ED /* Hotel+CoreDataProperties.h */,
				4C0733161D3D59FE00C1F3ED /* Hotel+CoreDataProperties.m */,
			);
			name = Entities;
			sourceTree = "<group>";
		};
		4CDD8DB91D41677900D04A92 /* No touchie */ = {
			isa = PBXGroup;
			children = (
				4CDD8D871D3EDA6B00D04A92 /* Guest.h */,
				4CDD8D881D3EDA6B00D04A92 /* Guest.m */,
				4C07330F1D3D59FE00C1F3ED /* Reservation.h */,
				4C0733101D3D59FE00C1F3ED /* Reservation.m */,
				4C0733171D3D59FE00C1F3ED /* Hotel.h */,
				4C0733181D3D59FE00C1F3ED /* Hotel.m */,
				4C07331B1D3D59FE00C1F3ED /* Room.h */,
				4C07331C1D3D59FE00C1F3ED /* Room.m */,
			);
			name = "No touchie";
			sourceTree = "<group>";
		};
		4CDD8DBC1D41733600D04A92 /* Flurry */ = {
			isa = PBXGroup;
			children = (
				4CDD8DBD1D41733600D04A92 /* Flurry.h */,
				4CDD8DBE1D41733600D04A92 /* FlurryEmpty.m */,
				4CDD8DBF1D41733600D04A92 /* FlurryWatch.h */,
				4CDD8DC01D41733600D04A92 /* libFlurry_7.6.6.a */,
				4CDD8DC11D41733600D04A92 /* libFlurryWatch_7.6.6.a */,
			);
			path = Flurry;
			sourceTree = "<group>";
		};
/* End PBXGroup section */

/* Begin PBXNativeTarget section */
		4C0732D31D3D500F00C1F3ED /* Manager */ = {
			isa = PBXNativeTarget;
			buildConfigurationList = 4C0732EE1D3D500F00C1F3ED /* Build configuration list for PBXNativeTarget "Manager" */;
			buildPhases = (
				4C0732D01D3D500F00C1F3ED /* Sources */,
				4C0732D11D3D500F00C1F3ED /* Frameworks */,
				4C0732D21D3D500F00C1F3ED /* Resources */,
			);
			buildRules = (
			);
			dependencies = (
			);
			name = Manager;
			productName = Manager;
			productReference = 4C0732D41D3D500F00C1F3ED /* Manager.app */;
			productType = "com.apple.product-type.application";
		};
		4CDD8D8D1D40F2AA00D04A92 /* ManagerTests */ = {
			isa = PBXNativeTarget;
			buildConfigurationList = 4CDD8D951D40F2AB00D04A92 /* Build configuration list for PBXNativeTarget "ManagerTests" */;
			buildPhases = (
				4CDD8D8A1D40F2AA00D04A92 /* Sources */,
				4CDD8D8B1D40F2AA00D04A92 /* Frameworks */,
				4CDD8D8C1D40F2AA00D04A92 /* Resources */,
			);
			buildRules = (
			);
			dependencies = (
				4CDD8D941D40F2AB00D04A92 /* PBXTargetDependency */,
			);
			name = ManagerTests;
			productName = ManagerTests;
			productReference = 4CDD8D8E1D40F2AB00D04A92 /* ManagerTests.xctest */;
			productType = "com.apple.product-type.bundle.unit-test";
		};
/* End PBXNativeTarget section */

/* Begin PBXProject section */
		4C0732CC1D3D500F00C1F3ED /* Project object */ = {
			isa = PBXProject;
			attributes = {
				LastUpgradeCheck = 0730;
				ORGANIZATIONNAME = "Michael Sweeney";
				TargetAttributes = {
					4C0732D31D3D500F00C1F3ED = {
						CreatedOnToolsVersion = 7.3.1;
						DevelopmentTeam = NXQBD8W8TS;
						SystemCapabilities = {
							com.apple.iCloud = {
								enabled = 1;
							};
						};
					};
					4CDD8D8D1D40F2AA00D04A92 = {
						CreatedOnToolsVersion = 7.3.1;
						TestTargetID = 4C0732D31D3D500F00C1F3ED;
					};
				};
			};
			buildConfigurationList = 4C0732CF1D3D500F00C1F3ED /* Build configuration list for PBXProject "Manager" */;
			compatibilityVersion = "Xcode 3.2";
			developmentRegion = English;
			hasScannedForEncodings = 0;
			knownRegions = (
				en,
				Base,
			);
			mainGroup = 4C0732CB1D3D500F00C1F3ED;
			productRefGroup = 4C0732D51D3D500F00C1F3ED /* Products */;
			projectDirPath = "";
			projectRoot = "";
			targets = (
				4C0732D31D3D500F00C1F3ED /* Manager */,
				4CDD8D8D1D40F2AA00D04A92 /* ManagerTests */,
			);
		};
/* End PBXProject section */

/* Begin PBXResourcesBuildPhase section */
		4C0732D21D3D500F00C1F3ED /* Resources */ = {
			isa = PBXResourcesBuildPhase;
			buildActionMask = 2147483647;
			files = (
				4C07332F1D3D8A2700C1F3ED /* hotels.json in Resources */,
				4C0732EA1D3D500F00C1F3ED /* LaunchScreen.storyboard in Resources */,
				4C0732E71D3D500F00C1F3ED /* Assets.xcassets in Resources */,
			);
			runOnlyForDeploymentPostprocessing = 0;
		};
		4CDD8D8C1D40F2AA00D04A92 /* Resources */ = {
			isa = PBXResourcesBuildPhase;
			buildActionMask = 2147483647;
			files = (
			);
			runOnlyForDeploymentPostprocessing = 0;
		};
/* End PBXResourcesBuildPhase section */

/* Begin PBXSourcesBuildPhase section */
		4C0732D01D3D500F00C1F3ED /* Sources */ = {
			isa = PBXSourcesBuildPhase;
			buildActionMask = 2147483647;
			files = (
				4C07331E1D3D59FE00C1F3ED /* Reservation.m in Sources */,
				4C07332D1D3D622700C1F3ED /* HotelsViewController.m in Sources */,
				4C07331F1D3D59FE00C1F3ED /* Guest+CoreDataProperties.m in Sources */,
				4CDD8D861D3EA89E00D04A92 /* DateViewController.m in Sources */,
				4C0733231D3D59FE00C1F3ED /* Room+CoreDataProperties.m in Sources */,
				4CDD8DBB1D416EB800D04A92 /* MappingModel1.2_1.3.xcmappingmodel in Sources */,
				4CDD8D9A1D4113C200D04A92 /* LookupViewController.m in Sources */,
				4CDD8DC21D41733600D04A92 /* FlurryEmpty.m in Sources */,
				4C0732DF1D3D500F00C1F3ED /* ViewController.m in Sources */,
				4CDD8D891D3EDA6B00D04A92 /* Guest.m in Sources */,
				4C0732DC1D3D500F00C1F3ED /* AppDelegate.m in Sources */,
				4CDD8DB61D41385500D04A92 /* MappingModel1.1_1.2.xcmappingmodel in Sources */,
				4CDD8D831D3E9F9F00D04A92 /* AvailabilityViewController.m in Sources */,
				4C0733241D3D59FE00C1F3ED /* Room.m in Sources */,
				4C0732D91D3D500F00C1F3ED /* main.m in Sources */,
				4CDD8D801D3E94A000D04A92 /* BookViewController.m in Sources */,
				4C0733211D3D59FE00C1F3ED /* Hotel+CoreDataProperties.m in Sources */,
				4C07331D1D3D59FE00C1F3ED /* Reservation+CoreDataProperties.m in Sources */,
				4C07332A1D3D620B00C1F3ED /* RoomsViewController.m in Sources */,
				4CDD8D7C1D3E8F8700D04A92 /* NSObject+NSManagedObjectContext.m in Sources */,
				4C0733221D3D59FE00C1F3ED /* Hotel.m in Sources */,
				4C0732E51D3D500F00C1F3ED /* Manager.xcdatamodeld in Sources */,
			);
			runOnlyForDeploymentPostprocessing = 0;
		};
		4CDD8D8A1D40F2AA00D04A92 /* Sources */ = {
			isa = PBXSourcesBuildPhase;
			buildActionMask = 2147483647;
			files = (
				4CDD8D911D40F2AB00D04A92 /* ManagerTests.m in Sources */,
			);
			runOnlyForDeploymentPostprocessing = 0;
		};
/* End PBXSourcesBuildPhase section */

/* Begin PBXTargetDependency section */
		4CDD8D941D40F2AB00D04A92 /* PBXTargetDependency */ = {
			isa = PBXTargetDependency;
			target = 4C0732D31D3D500F00C1F3ED /* Manager */;
			targetProxy = 4CDD8D931D40F2AB00D04A92 /* PBXContainerItemProxy */;
		};
/* End PBXTargetDependency section */

/* Begin PBXVariantGroup section */
		4C0732E81D3D500F00C1F3ED /* LaunchScreen.storyboard */ = {
			isa = PBXVariantGroup;
			children = (
				4C0732E91D3D500F00C1F3ED /* Base */,
			);
			name = LaunchScreen.storyboard;
			sourceTree = "<group>";
		};
/* End PBXVariantGroup section */

/* Begin XCBuildConfiguration section */
		4C0732EC1D3D500F00C1F3ED /* Debug */ = {
			isa = XCBuildConfiguration;
			buildSettings = {
				ALWAYS_SEARCH_USER_PATHS = NO;
				CLANG_ANALYZER_NONNULL = YES;
				CLANG_CXX_LANGUAGE_STANDARD = "gnu++0x";
				CLANG_CXX_LIBRARY = "libc++";
				CLANG_ENABLE_MODULES = YES;
				CLANG_ENABLE_OBJC_ARC = YES;
				CLANG_WARN_BOOL_CONVERSION = YES;
				CLANG_WARN_CONSTANT_CONVERSION = YES;
				CLANG_WARN_DIRECT_OBJC_ISA_USAGE = YES_ERROR;
				CLANG_WARN_EMPTY_BODY = YES;
				CLANG_WARN_ENUM_CONVERSION = YES;
				CLANG_WARN_INT_CONVERSION = YES;
				CLANG_WARN_OBJC_ROOT_CLASS = YES_ERROR;
				CLANG_WARN_UNREACHABLE_CODE = YES;
				CLANG_WARN__DUPLICATE_METHOD_MATCH = YES;
				"CODE_SIGN_IDENTITY[sdk=iphoneos*]" = "iPhone Developer";
				COPY_PHASE_STRIP = NO;
				DEBUG_INFORMATION_FORMAT = dwarf;
				ENABLE_STRICT_OBJC_MSGSEND = YES;
				ENABLE_TESTABILITY = YES;
				GCC_C_LANGUAGE_STANDARD = gnu99;
				GCC_DYNAMIC_NO_PIC = NO;
				GCC_NO_COMMON_BLOCKS = YES;
				GCC_OPTIMIZATION_LEVEL = 0;
				GCC_PREPROCESSOR_DEFINITIONS = (
					"DEBUG=1",
					"$(inherited)",
				);
				GCC_WARN_64_TO_32_BIT_CONVERSION = YES;
				GCC_WARN_ABOUT_RETURN_TYPE = YES_ERROR;
				GCC_WARN_UNDECLARED_SELECTOR = YES;
				GCC_WARN_UNINITIALIZED_AUTOS = YES_AGGRESSIVE;
				GCC_WARN_UNUSED_FUNCTION = YES;
				GCC_WARN_UNUSED_VARIABLE = YES;
				IPHONEOS_DEPLOYMENT_TARGET = 9.3;
				MTL_ENABLE_DEBUG_INFO = YES;
				ONLY_ACTIVE_ARCH = YES;
				SDKROOT = iphoneos;
				TARGETED_DEVICE_FAMILY = "1,2";
			};
			name = Debug;
		};
		4C0732ED1D3D500F00C1F3ED /* Release */ = {
			isa = XCBuildConfiguration;
			buildSettings = {
				ALWAYS_SEARCH_USER_PATHS = NO;
				CLANG_ANALYZER_NONNULL = YES;
				CLANG_CXX_LANGUAGE_STANDARD = "gnu++0x";
				CLANG_CXX_LIBRARY = "libc++";
				CLANG_ENABLE_MODULES = YES;
				CLANG_ENABLE_OBJC_ARC = YES;
				CLANG_WARN_BOOL_CONVERSION = YES;
				CLANG_WARN_CONSTANT_CONVERSION = YES;
				CLANG_WARN_DIRECT_OBJC_ISA_USAGE = YES_ERROR;
				CLANG_WARN_EMPTY_BODY = YES;
				CLANG_WARN_ENUM_CONVERSION = YES;
				CLANG_WARN_INT_CONVERSION = YES;
				CLANG_WARN_OBJC_ROOT_CLASS = YES_ERROR;
				CLANG_WARN_UNREACHABLE_CODE = YES;
				CLANG_WARN__DUPLICATE_METHOD_MATCH = YES;
				"CODE_SIGN_IDENTITY[sdk=iphoneos*]" = "iPhone Developer";
				COPY_PHASE_STRIP = NO;
				DEBUG_INFORMATION_FORMAT = "dwarf-with-dsym";
				ENABLE_NS_ASSERTIONS = NO;
				ENABLE_STRICT_OBJC_MSGSEND = YES;
				GCC_C_LANGUAGE_STANDARD = gnu99;
				GCC_NO_COMMON_BLOCKS = YES;
				GCC_WARN_64_TO_32_BIT_CONVERSION = YES;
				GCC_WARN_ABOUT_RETURN_TYPE = YES_ERROR;
				GCC_WARN_UNDECLARED_SELECTOR = YES;
				GCC_WARN_UNINITIALIZED_AUTOS = YES_AGGRESSIVE;
				GCC_WARN_UNUSED_FUNCTION = YES;
				GCC_WARN_UNUSED_VARIABLE = YES;
				IPHONEOS_DEPLOYMENT_TARGET = 9.3;
				MTL_ENABLE_DEBUG_INFO = NO;
				SDKROOT = iphoneos;
				TARGETED_DEVICE_FAMILY = "1,2";
				VALIDATE_PRODUCT = YES;
			};
			name = Release;
		};
		4C0732EF1D3D500F00C1F3ED /* Debug */ = {
			isa = XCBuildConfiguration;
			buildSettings = {
				ASSETCATALOG_COMPILER_APPICON_NAME = AppIcon;
				CODE_SIGN_ENTITLEMENTS = Manager/Manager.entitlements;
				INFOPLIST_FILE = Manager/Info.plist;
				IPHONEOS_DEPLOYMENT_TARGET = 9.0;
				LD_RUNPATH_SEARCH_PATHS = "$(inherited) @executable_path/Frameworks";
				LIBRARY_SEARCH_PATHS = (
					"$(inherited)",
					"$(PROJECT_DIR)/Flurry",
				);
				PRODUCT_BUNDLE_IDENTIFIER = sweeney.Manager;
				PRODUCT_NAME = "$(TARGET_NAME)";
			};
			name = Debug;
		};
		4C0732F01D3D500F00C1F3ED /* Release */ = {
			isa = XCBuildConfiguration;
			buildSettings = {
				ASSETCATALOG_COMPILER_APPICON_NAME = AppIcon;
				CODE_SIGN_ENTITLEMENTS = Manager/Manager.entitlements;
				INFOPLIST_FILE = Manager/Info.plist;
				IPHONEOS_DEPLOYMENT_TARGET = 9.0;
				LD_RUNPATH_SEARCH_PATHS = "$(inherited) @executable_path/Frameworks";
				LIBRARY_SEARCH_PATHS = (
					"$(inherited)",
					"$(PROJECT_DIR)/Flurry",
				);
				PRODUCT_BUNDLE_IDENTIFIER = sweeney.Manager;
				PRODUCT_NAME = "$(TARGET_NAME)";
			};
			name = Release;
		};
		4CDD8D961D40F2AB00D04A92 /* Debug */ = {
			isa = XCBuildConfiguration;
			buildSettings = {
				BUNDLE_LOADER = "$(TEST_HOST)";
				INFOPLIST_FILE = ManagerTests/Info.plist;
				LD_RUNPATH_SEARCH_PATHS = "$(inherited) @executable_path/Frameworks @loader_path/Frameworks";
				PRODUCT_BUNDLE_IDENTIFIER = sweeney.ManagerTests;
				PRODUCT_NAME = "$(TARGET_NAME)";
				TEST_HOST = "$(BUILT_PRODUCTS_DIR)/Manager.app/Manager";
			};
			name = Debug;
		};
		4CDD8D971D40F2AB00D04A92 /* Release */ = {
			isa = XCBuildConfiguration;
			buildSettings = {
				BUNDLE_LOADER = "$(TEST_HOST)";
				INFOPLIST_FILE = ManagerTests/Info.plist;
				LD_RUNPATH_SEARCH_PATHS = "$(inherited) @executable_path/Frameworks @loader_path/Frameworks";
				PRODUCT_BUNDLE_IDENTIFIER = sweeney.ManagerTests;
				PRODUCT_NAME = "$(TARGET_NAME)";
				TEST_HOST = "$(BUILT_PRODUCTS_DIR)/Manager.app/Manager";
			};
			name = Release;
		};
/* End XCBuildConfiguration section */

/* Begin XCConfigurationList section */
		4C0732CF1D3D500F00C1F3ED /* Build configuration list for PBXProject "Manager" */ = {
			isa = XCConfigurationList;
			buildConfigurations = (
				4C0732EC1D3D500F00C1F3ED /* Debug */,
				4C0732ED1D3D500F00C1F3ED /* Release */,
			);
			defaultConfigurationIsVisible = 0;
			defaultConfigurationName = Release;
		};
		4C0732EE1D3D500F00C1F3ED /* Build configuration list for PBXNativeTarget "Manager" */ = {
			isa = XCConfigurationList;
			buildConfigurations = (
				4C0732EF1D3D500F00C1F3ED /* Debug */,
				4C0732F01D3D500F00C1F3ED /* Release */,
			);
			defaultConfigurationIsVisible = 0;
			defaultConfigurationName = Release;
		};
		4CDD8D951D40F2AB00D04A92 /* Build configuration list for PBXNativeTarget "ManagerTests" */ = {
			isa = XCConfigurationList;
			buildConfigurations = (
				4CDD8D961D40F2AB00D04A92 /* Debug */,
				4CDD8D971D40F2AB00D04A92 /* Release */,
			);
			defaultConfigurationIsVisible = 0;
		};
/* End XCConfigurationList section */

/* Begin XCVersionGroup section */
		4C0732E31D3D500F00C1F3ED /* Manager.xcdatamodeld */ = {
			isa = XCVersionGroup;
			children = (
				4CDD8DB81D41673F00D04A92 /* Manager1. 3.xcdatamodel */,
				4CDD8D9C1D41349000D04A92 /* Manager1.2.xcdatamodel */,
				4C0732E41D3D500F00C1F3ED /* Manager.xcdatamodel */,
			);
			currentVersion = 4CDD8DB81D41673F00D04A92 /* Manager1. 3.xcdatamodel */;
			path = Manager.xcdatamodeld;
			sourceTree = "<group>";
			versionGroupType = wrapper.xcdatamodel;
		};
/* End XCVersionGroup section */
	};
	rootObject = 4C0732CC1D3D500F00C1F3ED /* Project object */;
}
